
Microsoft Visual Studio Solution File, Format Version 12.00
# Visual Studio Version 17
VisualStudioVersion = 17.2.32210.308
MinimumVisualStudioVersion = 10.0.40219.1
Project("{2150E333-8FDC-42A3-9474-1A3956D46DE8}") = "src", "src", "{3E0CF81A-BA7A-4AAB-B46D-5AC8E22B0644}"
	ProjectSection(SolutionItems) = preProject
		src\Directory.Build.props = src\Directory.Build.props
		src\protobuf-net.png = src\protobuf-net.png
	EndProjectSection
EndProject
Project("{2150E333-8FDC-42A3-9474-1A3956D46DE8}") = "config", "config", "{8D5FDB6F-6111-4604-8EDF-6A59F8B12D7E}"
	ProjectSection(SolutionItems) = preProject
		appveyor.yml = appveyor.yml
		Directory.build.props = Directory.build.props
		Directory.Build.targets = Directory.Build.targets
		global.json = global.json
		readme.md = readme.md
		version.json = version.json
	EndProjectSection
EndProject
Project("{2150E333-8FDC-42A3-9474-1A3956D46DE8}") = "tests", "tests", "{0A84599D-2CE9-416E-888F-24652EEAB0B3}"
EndProject
Project("{2150E333-8FDC-42A3-9474-1A3956D46DE8}") = "docs", "docs", "{6065C30D-7C5D-4C54-97B4-F407B56C7A89}"
	ProjectSection(SolutionItems) = preProject
		docs\index.md = docs\index.md
		docs\releasenotes.md = docs\releasenotes.md
	EndProjectSection
EndProject
Project("{9A19103F-16F7-4668-BE54-9A1E7A4F7556}") = "protobuf-net.GrpcLite", "src\protobuf-net.GrpcLite\protobuf-net.GrpcLite.csproj", "{D6786AC8-1DEE-46BF-98AD-5B0A8F2179A5}"
EndProject
Project("{9A19103F-16F7-4668-BE54-9A1E7A4F7556}") = "protobuf-net.GrpcLite.Test", "tests\protobuf-net.GrpcLite.Test\protobuf-net.GrpcLite.Test.csproj", "{3C3B889B-1463-4948-9BC8-610FCFB62DA6}"
EndProject
Project("{9A19103F-16F7-4668-BE54-9A1E7A4F7556}") = "protobuf-net.GrpcLite.Pipelines", "src\protobuf-net.GrpcLite.Pipelines\protobuf-net.GrpcLite.Pipelines.csproj", "{7AF3BF8A-5C85-45DE-8AF5-14BA84D3EE9D}"
EndProject
Project("{9A19103F-16F7-4668-BE54-9A1E7A4F7556}") = "protobuf-net.GrpcLite.Runner", "tests\protobuf-net.GrpcLite.Runner\protobuf-net.GrpcLite.Runner.csproj", "{1D442B6C-D322-4E9A-B4D9-AAFD8B7E88D4}"
EndProject
Project("{9A19103F-16F7-4668-BE54-9A1E7A4F7556}") = "protobuf-net.GrpcLite.Server", "tests\protobuf-net.GrpcLite.Server\protobuf-net.GrpcLite.Server.csproj", "{C3F28797-9CC5-441B-A827-41D3381288D3}"
EndProject
Global
	GlobalSection(SolutionConfigurationPlatforms) = preSolution
		Debug|Any CPU = Debug|Any CPU
		Release|Any CPU = Release|Any CPU
		VS|Any CPU = VS|Any CPU
	EndGlobalSection
	GlobalSection(ProjectConfigurationPlatforms) = postSolution
		{D6786AC8-1DEE-46BF-98AD-5B0A8F2179A5}.Debug|Any CPU.ActiveCfg = Debug|Any CPU
		{D6786AC8-1DEE-46BF-98AD-5B0A8F2179A5}.Debug|Any CPU.Build.0 = Debug|Any CPU
		{D6786AC8-1DEE-46BF-98AD-5B0A8F2179A5}.Release|Any CPU.ActiveCfg = Release|Any CPU
		{D6786AC8-1DEE-46BF-98AD-5B0A8F2179A5}.Release|Any CPU.Build.0 = Release|Any CPU
		{D6786AC8-1DEE-46BF-98AD-5B0A8F2179A5}.VS|Any CPU.ActiveCfg = Debug|Any CPU
		{D6786AC8-1DEE-46BF-98AD-5B0A8F2179A5}.VS|Any CPU.Build.0 = Debug|Any CPU
		{3C3B889B-1463-4948-9BC8-610FCFB62DA6}.Debug|Any CPU.ActiveCfg = Debug|Any CPU
		{3C3B889B-1463-4948-9BC8-610FCFB62DA6}.Debug|Any CPU.Build.0 = Debug|Any CPU
		{3C3B889B-1463-4948-9BC8-610FCFB62DA6}.Release|Any CPU.ActiveCfg = Release|Any CPU
		{3C3B889B-1463-4948-9BC8-610FCFB62DA6}.Release|Any CPU.Build.0 = Release|Any CPU
		{3C3B889B-1463-4948-9BC8-610FCFB62DA6}.VS|Any CPU.ActiveCfg = Debug|Any CPU
		{3C3B889B-1463-4948-9BC8-610FCFB62DA6}.VS|Any CPU.Build.0 = Debug|Any CPU
		{7AF3BF8A-5C85-45DE-8AF5-14BA84D3EE9D}.Debug|Any CPU.ActiveCfg = Debug|Any CPU
		{7AF3BF8A-5C85-45DE-8AF5-14BA84D3EE9D}.Debug|Any CPU.Build.0 = Debug|Any CPU
		{7AF3BF8A-5C85-45DE-8AF5-14BA84D3EE9D}.Release|Any CPU.ActiveCfg = Release|Any CPU
		{7AF3BF8A-5C85-45DE-8AF5-14BA84D3EE9D}.Release|Any CPU.Build.0 = Release|Any CPU
		{7AF3BF8A-5C85-45DE-8AF5-14BA84D3EE9D}.VS|Any CPU.ActiveCfg = Debug|Any CPU
		{7AF3BF8A-5C85-45DE-8AF5-14BA84D3EE9D}.VS|Any CPU.Build.0 = Debug|Any CPU
		{1D442B6C-D322-4E9A-B4D9-AAFD8B7E88D4}.Debug|Any CPU.ActiveCfg = Debug|Any CPU
		{1D442B6C-D322-4E9A-B4D9-AAFD8B7E88D4}.Debug|Any CPU.Build.0 = Debug|Any CPU
		{1D442B6C-D322-4E9A-B4D9-AAFD8B7E88D4}.Release|Any CPU.ActiveCfg = Release|Any CPU
		{1D442B6C-D322-4E9A-B4D9-AAFD8B7E88D4}.Release|Any CPU.Build.0 = Release|Any CPU
		{1D442B6C-D322-4E9A-B4D9-AAFD8B7E88D4}.VS|Any CPU.ActiveCfg = Debug|Any CPU
		{1D442B6C-D322-4E9A-B4D9-AAFD8B7E88D4}.VS|Any CPU.Build.0 = Debug|Any CPU
		{C3F28797-9CC5-441B-A827-41D3381288D3}.Debug|Any CPU.ActiveCfg = Debug|Any CPU
		{C3F28797-9CC5-441B-A827-41D3381288D3}.Debug|Any CPU.Build.0 = Debug|Any CPU
		{C3F28797-9CC5-441B-A827-41D3381288D3}.Release|Any CPU.ActiveCfg = Release|Any CPU
		{C3F28797-9CC5-441B-A827-41D3381288D3}.Release|Any CPU.Build.0 = Release|Any CPU
		{C3F28797-9CC5-441B-A827-41D3381288D3}.VS|Any CPU.ActiveCfg = Debug|Any CPU
		{C3F28797-9CC5-441B-A827-41D3381288D3}.VS|Any CPU.Build.0 = Debug|Any CPU
	EndGlobalSection
	GlobalSection(SolutionProperties) = preSolution
		HideSolutionNode = FALSE
	EndGlobalSection
	GlobalSection(NestedProjects) = preSolution
		{D6786AC8-1DEE-46BF-98AD-5B0A8F2179A5} = {3E0CF81A-BA7A-4AAB-B46D-5AC8E22B0644}
		{3C3B889B-1463-4948-9BC8-610FCFB62DA6} = {0A84599D-2CE9-416E-888F-24652EEAB0B3}
		{7AF3BF8A-5C85-45DE-8AF5-14BA84D3EE9D} = {3E0CF81A-BA7A-4AAB-B46D-5AC8E22B0644}
		{1D442B6C-D322-4E9A-B4D9-AAFD8B7E88D4} = {0A84599D-2CE9-416E-888F-24652EEAB0B3}
		{C3F28797-9CC5-441B-A827-41D3381288D3} = {0A84599D-2CE9-416E-888F-24652EEAB0B3}
	EndGlobalSection
	GlobalSection(ExtensibilityGlobals) = postSolution
		SolutionGuid = {BA14B07C-CA29-430D-A600-F37A050636D3}
	EndGlobalSection
EndGlobal
